
Microsoft Visual Studio Solution File, Format Version 12.00
# Visual Studio Version 16
VisualStudioVersion = 16.0.31005.135
MinimumVisualStudioVersion = 10.0.40219.1
Project("{FAE04EC0-301F-11D3-BF4B-00C04F79EFBC}") = "AjandaOdevi", "AjandaOdevi\AjandaOdevi.csproj", "{7EDFD2EC-66AD-4B88-B169-A960419EA6E2}"
EndProject
Global
	GlobalSection(SolutionConfigurationPlatforms) = preSolution
		Debug|Any CPU = Debug|Any CPU
		Release|Any CPU = Release|Any CPU
	EndGlobalSection
	GlobalSection(ProjectConfigurationPlatforms) = postSolution
		{7EDFD2EC-66AD-4B88-B169-A960419EA6E2}.Debug|Any CPU.ActiveCfg = Debug|Any CPU
		{7EDFD2EC-66AD-4B88-B169-A960419EA6E2}.Debug|Any CPU.Build.0 = Debug|Any CPU
		{7EDFD2EC-66AD-4B88-B169-A960419EA6E2}.Release|Any CPU.ActiveCfg = Release|Any CPU
		{7EDFD2EC-66AD-4B88-B169-A960419EA6E2}.Release|Any CPU.Build.0 = Release|Any CPU
	EndGlobalSection
	GlobalSection(SolutionProperties) = preSolution
		HideSolutionNode = FALSE
	EndGlobalSection
	GlobalSection(ExtensibilityGlobals) = postSolution
		SolutionGuid = {D26858A1-5307-422B-B864-EC04965E6DE0}
	EndGlobalSection
EndGlobal
